{
  "version": "5",
  "redirects": {
    "https://esm.sh/@supabase/supabase-js@2": "https://esm.sh/@supabase/supabase-js@2.110.8"
  },
  "remote": {
    "https://deno.land/std@0.224.0/async/delay.ts": "f90dd685b97c2f142b8069082993e437b1602b8e2561134827eeb7c12b95c499",
    "https://deno.land/std@0.224.0/http/server.ts": "f9313804bf6467a1704f45f76cb6cd0a3396a3b31c316035e6a4c2035d1ea514",
    "https://esm.sh/@supabase/supabase-js@2.110.8": "3fe5b529aba9ea7d19e980feb977d4da1f9300cb5378942b32f1522c21649623"
  },
  "workspace": {
    "packageJson": {
      "dependencies": [
        "npm:@expo-google-fonts/cormorant-garamond@~0.4.1",
        "npm:@expo-google-fonts/inter@~0.4.2",
        "npm:@expo/metro-runtime@~6.1.2",
        "npm:@expo/ngrok@^4.1.3",
        "npm:@jest/test-sequencer@^29.7.0",
        "npm:@react-native-async-storage/async-storage@2.2.0",
        "npm:@react-navigation/bottom-tabs@^7.8.4",
        "npm:@react-navigation/native@^7.1.19",
        "npm:@react-navigation/stack@^7.6.3",
        "npm:@supabase/supabase-js@^2.89.0",
        "npm:@testing-library/jest-native@^5.4.3",
        "npm:@testing-library/react-native@^13.3.3",
        "npm:@types/jest@^29.5.12",
        "npm:@types/pluralize@^0.0.33",
        "npm:@types/react-test-renderer@^19.1.0",
        "npm:@types/react@19.1",
        "npm:baseline-browser-mapping@^2.9.19",
        "npm:detox@^20.46.3",
        "npm:expo-apple-authentication@~8.0.8",
        "npm:expo-auth-session@~7.0.11",
        "npm:expo-av@~16.0.8",
        "npm:expo-crypto@~15.0.9",
        "npm:expo-dev-client@~6.0.21",
        "npm:expo-file-system@~19.0.23",
        "npm:expo-font@~14.0.12",
        "npm:expo-iap@^4.6.0",
        "npm:expo-linear-gradient@~15.0.8",
        "npm:expo-local-authentication@~17.0.8",
        "npm:expo-network@^8.0.8",
        "npm:expo-secure-store@~15.0.8",
        "npm:expo-splash-screen@~31.0.13",
        "npm:expo-status-bar@~3.0.9",
        "npm:expo-web-browser@~15.0.11",
        "npm:expo@~54.0.36",
        "npm:jest-expo@~54.0.17",
        "npm:jest@^29.7.0",
        "npm:msw@^2.6.5",
        "npm:openai@^6.15.0",
        "npm:pluralize@8",
        "npm:react-dom@19.1.0",
        "npm:react-native-calendars@^1.1313.0",
        "npm:react-native-gesture-handler@2.28",
        "npm:react-native-safe-area-context@5.6",
        "npm:react-native-screens@4.16",
        "npm:react-native-svg-transformer@^1.5.3",
        "npm:react-native-svg@15.12.1",
        "npm:react-native-url-polyfill@2",
        "npm:react-native-web@0.21",
        "npm:react-native@0.81.5",
        "npm:react-test-renderer@19.1.0",
        "npm:react@19.1.0",
        "npm:typescript@~5.9.2",
        "npm:zod@^3.23.8"
      ],
      "overrides": {
        "react-native-safe-area-context": "$react-native-safe-area-context"
      }
    }
  }
}
